
Microsoft Visual Studio Solution File, Format Version 12.00
# Visual Studio Version 16
VisualStudioVersion = 16.0.29001.49
MinimumVisualStudioVersion = 10.0.40219.1
Project("{FAE04EC0-301F-11D3-BF4B-00C04F79EFBC}") = "TSS_Management", "TSS Management\TSS_Management.csproj", "{2DA194C8-3E0E-4399-9373-2A80DD465C4E}"
EndProject
Project("{FAE04EC0-301F-11D3-BF4B-00C04F79EFBC}") = "Services", "Services\Services.csproj", "{CE0A9B59-3C61-45CF-8D77-02874B60526B}"
EndProject
Project("{FAE04EC0-301F-11D3-BF4B-00C04F79EFBC}") = "DAL", "DAL\DAL.csproj", "{BB84B9DC-EFA9-4A6F-9D69-FFFC3E2B4378}"
EndProject
Global
	GlobalSection(SolutionConfigurationPlatforms) = preSolution
		Debug|Any CPU = Debug|Any CPU
		Release|Any CPU = Release|Any CPU
	EndGlobalSection
	GlobalSection(ProjectConfigurationPlatforms) = postSolution
		{2DA194C8-3E0E-4399-9373-2A80DD465C4E}.Debug|Any CPU.ActiveCfg = Debug|Any CPU
		{2DA194C8-3E0E-4399-9373-2A80DD465C4E}.Debug|Any CPU.Build.0 = Debug|Any CPU
		{2DA194C8-3E0E-4399-9373-2A80DD465C4E}.Release|Any CPU.ActiveCfg = Release|Any CPU
		{2DA194C8-3E0E-4399-9373-2A80DD465C4E}.Release|Any CPU.Build.0 = Release|Any CPU
		{CE0A9B59-3C61-45CF-8D77-02874B60526B}.Debug|Any CPU.ActiveCfg = Debug|Any CPU
		{CE0A9B59-3C61-45CF-8D77-02874B60526B}.Debug|Any CPU.Build.0 = Debug|Any CPU
		{CE0A9B59-3C61-45CF-8D77-02874B60526B}.Release|Any CPU.ActiveCfg = Release|Any CPU
		{CE0A9B59-3C61-45CF-8D77-02874B60526B}.Release|Any CPU.Build.0 = Release|Any CPU
		{BB84B9DC-EFA9-4A6F-9D69-FFFC3E2B4378}.Debug|Any CPU.ActiveCfg = Debug|Any CPU
		{BB84B9DC-EFA9-4A6F-9D69-FFFC3E2B4378}.Debug|Any CPU.Build.0 = Debug|Any CPU
		{BB84B9DC-EFA9-4A6F-9D69-FFFC3E2B4378}.Release|Any CPU.ActiveCfg = Release|Any CPU
		{BB84B9DC-EFA9-4A6F-9D69-FFFC3E2B4378}.Release|Any CPU.Build.0 = Release|Any CPU
	EndGlobalSection
	GlobalSection(SolutionProperties) = preSolution
		HideSolutionNode = FALSE
	EndGlobalSection
	GlobalSection(ExtensibilityGlobals) = postSolution
		SolutionGuid = {66E4DDD0-12AB-4829-8292-D4286BEF3BF1}
	EndGlobalSection
EndGlobal
